// !$*UTF8*$!
{
	archiveVersion = 1;
	classes = {
	};
	objectVersion = 56;
	objects = {

/* Begin PBXBuildFile section */
		0CEBD01E2B025AE300A58E2E /* AppDelegate.swift in Sources */ = {isa = PBXBuildFile; fileRef = 0CEBD01D2B025AE300A58E2E /* AppDelegate.swift */; };
		0CEBD0202B025AE300A58E2E /* SceneDelegate.swift in Sources */ = {isa = PBXBuildFile; fileRef = 0CEBD01F2B025AE300A58E2E /* SceneDelegate.swift */; };
		0CEBD0222B025AE300A58E2E /* ViewController.swift in Sources */ = {isa = PBXBuildFile; fileRef = 0CEBD0212B025AE300A58E2E /* ViewController.swift */; };
		0CEBD0252B025AE300A58E2E /* Main.storyboard in Resources */ = {isa = PBXBuildFile; fileRef = 0CEBD0232B025AE300A58E2E /* Main.storyboard */; };
		0CEBD0272B025AE400A58E2E /* Assets.xcassets in Resources */ = {isa = PBXBuildFile; fileRef = 0CEBD0262B025AE400A58E2E /* Assets.xcassets */; };
		0CEBD02A2B025AE400A58E2E /* LaunchScreen.storyboard in Resources */ = {isa = PBXBuildFile; fileRef = 0CEBD0282B025AE400A58E2E /* LaunchScreen.storyboard */; };
		0CEBD0322B02948100A58E2E /* CellFlag.swift in Sources */ = {isa = PBXBuildFile; fileRef = 0CEBD0312B02948100A58E2E /* CellFlag.swift */; };
		0CF9C2A22B03B68F00B5B458 /* france@3x.png in Resources */ = {isa = PBXBuildFile; fileRef = 0CF9C28A2B03B68E00B5B458 /* france@3x.png */; };
		0CF9C2A32B03B68F00B5B458 /* italy@2x.png in Resources */ = {isa = PBXBuildFile; fileRef = 0CF9C28B2B03B68E00B5B458 /* italy@2x.png */; };
		0CF9C2A42B03B68F00B5B458 /* germany@2x.png in Resources */ = {isa = PBXBuildFile; fileRef = 0CF9C28C2B03B68E00B5B458 /* germany@2x.png */; };
		0CF9C2A52B03B68F00B5B458 /* nigeria@2x.png in Resources */ = {isa = PBXBuildFile; fileRef = 0CF9C28D2B03B68F00B5B458 /* nigeria@2x.png */; };
		0CF9C2A62B03B68F00B5B458 /* russia@2x.png in Resources */ = {isa = PBXBuildFile; fileRef = 0CF9C28E2B03B68F00B5B458 /* russia@2x.png */; };
		0CF9C2A72B03B68F00B5B458 /* ireland@3x.png in Resources */ = {isa = PBXBuildFile; fileRef = 0CF9C28F2B03B68F00B5B458 /* ireland@3x.png */; };
		0CF9C2A82B03B68F00B5B458 /* monaco@2x.png in Resources */ = {isa = PBXBuildFile; fileRef = 0CF9C2902B03B68F00B5B458 /* monaco@2x.png */; };
		0CF9C2A92B03B68F00B5B458 /* poland@2x.png in Resources */ = {isa = PBXBuildFile; fileRef = 0CF9C2912B03B68F00B5B458 /* poland@2x.png */; };
		0CF9C2AA2B03B68F00B5B458 /* spain@2x.png in Resources */ = {isa = PBXBuildFile; fileRef = 0CF9C2922B03B68F00B5B458 /* spain@2x.png */; };
		0CF9C2AB2B03B68F00B5B458 /* france@2x.png in Resources */ = {isa = PBXBuildFile; fileRef = 0CF9C2932B03B68F00B5B458 /* france@2x.png */; };
		0CF9C2AC2B03B68F00B5B458 /* ireland@2x.png in Resources */ = {isa = PBXBuildFile; fileRef = 0CF9C2942B03B68F00B5B458 /* ireland@2x.png */; };
		0CF9C2AD2B03B68F00B5B458 /* germany@3x.png in Resources */ = {isa = PBXBuildFile; fileRef = 0CF9C2952B03B68F00B5B458 /* germany@3x.png */; };
		0CF9C2AE2B03B68F00B5B458 /* russia@3x.png in Resources */ = {isa = PBXBuildFile; fileRef = 0CF9C2962B03B68F00B5B458 /* russia@3x.png */; };
		0CF9C2AF2B03B68F00B5B458 /* spain@3x.png in Resources */ = {isa = PBXBuildFile; fileRef = 0CF9C2972B03B68F00B5B458 /* spain@3x.png */; };
		0CF9C2B02B03B68F00B5B458 /* nigeria@3x.png in Resources */ = {isa = PBXBuildFile; fileRef = 0CF9C2982B03B68F00B5B458 /* nigeria@3x.png */; };
		0CF9C2B12B03B68F00B5B458 /* uk@2x.png in Resources */ = {isa = PBXBuildFile; fileRef = 0CF9C2992B03B68F00B5B458 /* uk@2x.png */; };
		0CF9C2B22B03B68F00B5B458 /* estonia@3x.png in Resources */ = {isa = PBXBuildFile; fileRef = 0CF9C29A2B03B68F00B5B458 /* estonia@3x.png */; };
		0CF9C2B32B03B68F00B5B458 /* monaco@3x.png in Resources */ = {isa = PBXBuildFile; fileRef = 0CF9C29B2B03B68F00B5B458 /* monaco@3x.png */; };
		0CF9C2B42B03B68F00B5B458 /* uk@3x.png in Resources */ = {isa = PBXBuildFile; fileRef = 0CF9C29C2B03B68F00B5B458 /* uk@3x.png */; };
		0CF9C2B52B03B68F00B5B458 /* estonia@2x.png in Resources */ = {isa = PBXBuildFile; fileRef = 0CF9C29D2B03B68F00B5B458 /* estonia@2x.png */; };
		0CF9C2B62B03B68F00B5B458 /* italy@3x.png in Resources */ = {isa = PBXBuildFile; fileRef = 0CF9C29E2B03B68F00B5B458 /* italy@3x.png */; };
		0CF9C2B72B03B68F00B5B458 /* us@3x.png in Resources */ = {isa = PBXBuildFile; fileRef = 0CF9C29F2B03B68F00B5B458 /* us@3x.png */; };
		0CF9C2B82B03B68F00B5B458 /* poland@3x.png in Resources */ = {isa = PBXBuildFile; fileRef = 0CF9C2A02B03B68F00B5B458 /* poland@3x.png */; };
		0CF9C2B92B03B68F00B5B458 /* us@2x.png in Resources */ = {isa = PBXBuildFile; fileRef = 0CF9C2A12B03B68F00B5B458 /* us@2x.png */; };
/* End PBXBuildFile section */

/* Begin PBXFileReference section */
		0CEBD01A2B025AE300A58E2E /* Project4.app */ = {isa = PBXFileReference; explicitFileType = wrapper.application; includeInIndex = 0; path = Project4.app; sourceTree = BUILT_PRODUCTS_DIR; };
		0CEBD01D2B025AE300A58E2E /* AppDelegate.swift */ = {isa = PBXFileReference; lastKnownFileType = sourcecode.swift; path = AppDelegate.swift; sourceTree = "<group>"; };
		0CEBD01F2B025AE300A58E2E /* SceneDelegate.swift */ = {isa = PBXFileReference; lastKnownFileType = sourcecode.swift; path = SceneDelegate.swift; sourceTree = "<group>"; };
		0CEBD0212B025AE300A58E2E /* ViewController.swift */ = {isa = PBXFileReference; lastKnownFileType = sourcecode.swift; path = ViewController.swift; sourceTree = "<group>"; };
		0CEBD0242B025AE300A58E2E /* Base */ = {isa = PBXFileReference; lastKnownFileType = file.storyboard; name = Base; path = Base.lproj/Main.storyboard; sourceTree = "<group>"; };
		0CEBD0262B025AE400A58E2E /* Assets.xcassets */ = {isa = PBXFileReference; lastKnownFileType = folder.assetcatalog; path = Assets.xcassets; sourceTree = "<group>"; };
		0CEBD0292B025AE400A58E2E /* Base */ = {isa = PBXFileReference; lastKnownFileType = file.storyboard; name = Base; path = Base.lproj/LaunchScreen.storyboard; sourceTree = "<group>"; };
		0CEBD02B2B025AE400A58E2E /* Info.plist */ = {isa = PBXFileReference; lastKnownFileType = text.plist.xml; path = Info.plist; sourceTree = "<group>"; };
		0CEBD0312B02948100A58E2E /* CellFlag.swift */ = {isa = PBXFileReference; lastKnownFileType = sourcecode.swift; path = CellFlag.swift; sourceTree = "<group>"; };
		0CF9C28A2B03B68E00B5B458 /* france@3x.png */ = {isa = PBXFileReference; lastKnownFileType = image.png; path = "france@3x.png"; sourceTree = "<group>"; };
		0CF9C28B2B03B68E00B5B458 /* italy@2x.png */ = {isa = PBXFileReference; lastKnownFileType = image.png; path = "italy@2x.png"; sourceTree = "<group>"; };
		0CF9C28C2B03B68E00B5B458 /* germany@2x.png */ = {isa = PBXFileReference; lastKnownFileType = image.png; path = "germany@2x.png"; sourceTree = "<group>"; };
		0CF9C28D2B03B68F00B5B458 /* nigeria@2x.png */ = {isa = PBXFileReference; lastKnownFileType = image.png; path = "nigeria@2x.png"; sourceTree = "<group>"; };
		0CF9C28E2B03B68F00B5B458 /* russia@2x.png */ = {isa = PBXFileReference; lastKnownFileType = image.png; path = "russia@2x.png"; sourceTree = "<group>"; };
		0CF9C28F2B03B68F00B5B458 /* ireland@3x.png */ = {isa = PBXFileReference; lastKnownFileType = image.png; path = "ireland@3x.png"; sourceTree = "<group>"; };
		0CF9C2902B03B68F00B5B458 /* monaco@2x.png */ = {isa = PBXFileReference; lastKnownFileType = image.png; path = "monaco@2x.png"; sourceTree = "<group>"; };
		0CF9C2912B03B68F00B5B458 /* poland@2x.png */ = {isa = PBXFileReference; lastKnownFileType = image.png; path = "poland@2x.png"; sourceTree = "<group>"; };
		0CF9C2922B03B68F00B5B458 /* spain@2x.png */ = {isa = PBXFileReference; lastKnownFileType = image.png; path = "spain@2x.png"; sourceTree = "<group>"; };
		0CF9C2932B03B68F00B5B458 /* france@2x.png */ = {isa = PBXFileReference; lastKnownFileType = image.png; path = "france@2x.png"; sourceTree = "<group>"; };
		0CF9C2942B03B68F00B5B458 /* ireland@2x.png */ = {isa = PBXFileReference; lastKnownFileType = image.png; path = "ireland@2x.png"; sourceTree = "<group>"; };
		0CF9C2952B03B68F00B5B458 /* germany@3x.png */ = {isa = PBXFileReference; lastKnownFileType = image.png; path = "germany@3x.png"; sourceTree = "<group>"; };
		0CF9C2962B03B68F00B5B458 /* russia@3x.png */ = {isa = PBXFileReference; lastKnownFileType = image.png; path = "russia@3x.png"; sourceTree = "<group>"; };
		0CF9C2972B03B68F00B5B458 /* spain@3x.png */ = {isa = PBXFileReference; lastKnownFileType = image.png; path = "spain@3x.png"; sourceTree = "<group>"; };
		0CF9C2982B03B68F00B5B458 /* nigeria@3x.png */ = {isa = PBXFileReference; lastKnownFileType = image.png; path = "nigeria@3x.png"; sourceTree = "<group>"; };
		0CF9C2992B03B68F00B5B458 /* uk@2x.png */ = {isa = PBXFileReference; lastKnownFileType = image.png; path = "uk@2x.png"; sourceTree = "<group>"; };
		0CF9C29A2B03B68F00B5B458 /* estonia@3x.png */ = {isa = PBXFileReference; lastKnownFileType = image.png; path = "estonia@3x.png"; sourceTree = "<group>"; };
		0CF9C29B2B03B68F00B5B458 /* monaco@3x.png */ = {isa = PBXFileReference; lastKnownFileType = image.png; path = "monaco@3x.png"; sourceTree = "<group>"; };
		0CF9C29C2B03B68F00B5B458 /* uk@3x.png */ = {isa = PBXFileReference; lastKnownFileType = image.png; path = "uk@3x.png"; sourceTree = "<group>"; };
		0CF9C29D2B03B68F00B5B458 /* estonia@2x.png */ = {isa = PBXFileReference; lastKnownFileType = image.png; path = "estonia@2x.png"; sourceTree = "<group>"; };
		0CF9C29E2B03B68F00B5B458 /* italy@3x.png */ = {isa = PBXFileReference; lastKnownFileType = image.png; path = "italy@3x.png"; sourceTree = "<group>"; };
		0CF9C29F2B03B68F00B5B458 /* us@3x.png */ = {isa = PBXFileReference; lastKnownFileType = image.png; path = "us@3x.png"; sourceTree = "<group>"; };
		0CF9C2A02B03B68F00B5B458 /* poland@3x.png */ = {isa = PBXFileReference; lastKnownFileType = image.png; path = "poland@3x.png"; sourceTree = "<group>"; };
		0CF9C2A12B03B68F00B5B458 /* us@2x.png */ = {isa = PBXFileReference; lastKnownFileType = image.png; path = "us@2x.png"; sourceTree = "<group>"; };
/* End PBXFileReference section */

/* Begin PBXFrameworksBuildPhase section */
		0CEBD0172B025AE300A58E2E /* Frameworks */ = {
			isa = PBXFrameworksBuildPhase;
			buildActionMask = 2147483647;
			files = (
			);
			runOnlyForDeploymentPostprocessing = 0;
		};
/* End PBXFrameworksBuildPhase section */

/* Begin PBXGroup section */
		0CEBD0112B025AE300A58E2E = {
			isa = PBXGroup;
			children = (
				0CEBD01C2B025AE300A58E2E /* Project4 */,
				0CEBD01B2B025AE300A58E2E /* Products */,
			);
			sourceTree = "<group>";
		};
		0CEBD01B2B025AE300A58E2E /* Products */ = {
			isa = PBXGroup;
			children = (
				0CEBD01A2B025AE300A58E2E /* Project4.app */,
			);
			name = Products;
			sourceTree = "<group>";
		};
		0CEBD01C2B025AE300A58E2E /* Project4 */ = {
			isa = PBXGroup;
			children = (
				0CEBD0312B02948100A58E2E /* CellFlag.swift */,
				0CEBD01D2B025AE300A58E2E /* AppDelegate.swift */,
				0CEBD01F2B025AE300A58E2E /* SceneDelegate.swift */,
				0CEBD0212B025AE300A58E2E /* ViewController.swift */,
				0CEBD0232B025AE300A58E2E /* Main.storyboard */,
				0CEBD0262B025AE400A58E2E /* Assets.xcassets */,
				0CEBD0282B025AE400A58E2E /* LaunchScreen.storyboard */,
				0CEBD02B2B025AE400A58E2E /* Info.plist */,
				0CF9C29D2B03B68F00B5B458 /* estonia@2x.png */,
				0CF9C29A2B03B68F00B5B458 /* estonia@3x.png */,
				0CF9C2932B03B68F00B5B458 /* france@2x.png */,
				0CF9C28A2B03B68E00B5B458 /* france@3x.png */,
				0CF9C28C2B03B68E00B5B458 /* germany@2x.png */,
				0CF9C2952B03B68F00B5B458 /* germany@3x.png */,
				0CF9C2942B03B68F00B5B458 /* ireland@2x.png */,
				0CF9C28F2B03B68F00B5B458 /* ireland@3x.png */,
				0CF9C28B2B03B68E00B5B458 /* italy@2x.png */,
				0CF9C29E2B03B68F00B5B458 /* italy@3x.png */,
				0CF9C2902B03B68F00B5B458 /* monaco@2x.png */,
				0CF9C29B2B03B68F00B5B458 /* monaco@3x.png */,
				0CF9C28D2B03B68F00B5B458 /* nigeria@2x.png */,
				0CF9C2982B03B68F00B5B458 /* nigeria@3x.png */,
				0CF9C2912B03B68F00B5B458 /* poland@2x.png */,
				0CF9C2A02B03B68F00B5B458 /* poland@3x.png */,
				0CF9C28E2B03B68F00B5B458 /* russia@2x.png */,
				0CF9C2962B03B68F00B5B458 /* russia@3x.png */,
				0CF9C2922B03B68F00B5B458 /* spain@2x.png */,
				0CF9C2972B03B68F00B5B458 /* spain@3x.png */,
				0CF9C2992B03B68F00B5B458 /* uk@2x.png */,
				0CF9C29C2B03B68F00B5B458 /* uk@3x.png */,
				0CF9C2A12B03B68F00B5B458 /* us@2x.png */,
				0CF9C29F2B03B68F00B5B458 /* us@3x.png */,
			);
			path = Project4;
			sourceTree = "<group>";
		};
/* End PBXGroup section */

/* Begin PBXNativeTarget section */
		0CEBD0192B025AE300A58E2E /* Project4 */ = {
			isa = PBXNativeTarget;
			buildConfigurationList = 0CEBD02E2B025AE400A58E2E /* Build configuration list for PBXNativeTarget "Project4" */;
			buildPhases = (
				0CEBD0162B025AE300A58E2E /* Sources */,
				0CEBD0172B025AE300A58E2E /* Frameworks */,
				0CEBD0182B025AE300A58E2E /* Resources */,
			);
			buildRules = (
			);
			dependencies = (
			);
			name = Project4;
			productName = Project4;
			productReference = 0CEBD01A2B025AE300A58E2E /* Project4.app */;
			productType = "com.apple.product-type.application";
		};
/* End PBXNativeTarget section */

/* Begin PBXProject section */
		0CEBD0122B025AE300A58E2E /* Project object */ = {
			isa = PBXProject;
			attributes = {
				BuildIndependentTargetsInParallel = 1;
				LastSwiftUpdateCheck = 1500;
				LastUpgradeCheck = 1500;
				TargetAttributes = {
					0CEBD0192B025AE300A58E2E = {
						CreatedOnToolsVersion = 15.0;
					};
				};
			};
			buildConfigurationList = 0CEBD0152B025AE300A58E2E /* Build configuration list for PBXProject "Project4" */;
			compatibilityVersion = "Xcode 14.0";
			developmentRegion = en;
			hasScannedForEncodings = 0;
			knownRegions = (
				en,
				Base,
			);
			mainGroup = 0CEBD0112B025AE300A58E2E;
			productRefGroup = 0CEBD01B2B025AE300A58E2E /* Products */;
			projectDirPath = "";
			projectRoot = "";
			targets = (
				0CEBD0192B025AE300A58E2E /* Project4 */,
			);
		};
/* End PBXProject section */

/* Begin PBXResourcesBuildPhase section */
		0CEBD0182B025AE300A58E2E /* Resources */ = {
			isa = PBXResourcesBuildPhase;
			buildActionMask = 2147483647;
			files = (
				0CF9C2B12B03B68F00B5B458 /* uk@2x.png in Resources */,
				0CEBD02A2B025AE400A58E2E /* LaunchScreen.storyboard in Resources */,
				0CF9C2B02B03B68F00B5B458 /* nigeria@3x.png in Resources */,
				0CF9C2B72B03B68F00B5B458 /* us@3x.png in Resources */,
				0CF9C2A62B03B68F00B5B458 /* russia@2x.png in Resources */,
				0CF9C2AE2B03B68F00B5B458 /* russia@3x.png in Resources */,
				0CF9C2A32B03B68F00B5B458 /* italy@2x.png in Resources */,
				0CF9C2AD2B03B68F00B5B458 /* germany@3x.png in Resources */,
				0CF9C2A82B03B68F00B5B458 /* monaco@2x.png in Resources */,
				0CF9C2AC2B03B68F00B5B458 /* ireland@2x.png in Resources */,
				0CF9C2AA2B03B68F00B5B458 /* spain@2x.png in Resources */,
				0CF9C2AB2B03B68F00B5B458 /* france@2x.png in Resources */,
				0CF9C2A42B03B68F00B5B458 /* germany@2x.png in Resources */,
				0CEBD0272B025AE400A58E2E /* Assets.xcassets in Resources */,
				0CF9C2A52B03B68F00B5B458 /* nigeria@2x.png in Resources */,
				0CF9C2B52B03B68F00B5B458 /* estonia@2x.png in Resources */,
				0CF9C2AF2B03B68F00B5B458 /* spain@3x.png in Resources */,
				0CF9C2B82B03B68F00B5B458 /* poland@3x.png in Resources */,
				0CF9C2B32B03B68F00B5B458 /* monaco@3x.png in Resources */,
				0CF9C2B22B03B68F00B5B458 /* estonia@3x.png in Resources */,
				0CF9C2A22B03B68F00B5B458 /* france@3x.png in Resources */,
				0CEBD0252B025AE300A58E2E /* Main.storyboard in Resources */,
				0CF9C2B42B03B68F00B5B458 /* uk@3x.png in Resources */,
				0CF9C2B62B03B68F00B5B458 /* italy@3x.png in Resources */,
				0CF9C2B92B03B68F00B5B458 /* us@2x.png in Resources */,
				0CF9C2A72B03B68F00B5B458 /* ireland@3x.png in Resources */,
				0CF9C2A92B03B68F00B5B458 /* poland@2x.png in Resources */,
			);
			runOnlyForDeploymentPostprocessing = 0;
		};
/* End PBXResourcesBuildPhase section */

/* Begin PBXSourcesBuildPhase section */
		0CEBD0162B025AE300A58E2E /* Sources */ = {
			isa = PBXSourcesBuildPhase;
			buildActionMask = 2147483647;
			files = (
				0CEBD0222B025AE300A58E2E /* ViewController.swift in Sources */,
				0CEBD01E2B025AE300A58E2E /* AppDelegate.swift in Sources */,
				0CEBD0202B025AE300A58E2E /* SceneDelegate.swift in Sources */,
				0CEBD0322B02948100A58E2E /* CellFlag.swift in Sources */,
			);
			runOnlyForDeploymentPostprocessing = 0;
		};
/* End PBXSourcesBuildPhase section */

/* Begin PBXVariantGroup section */
		0CEBD0232B025AE300A58E2E /* Main.storyboard */ = {
			isa = PBXVariantGroup;
			children = (
				0CEBD0242B025AE300A58E2E /* Base */,
			);
			name = Main.storyboard;
			sourceTree = "<group>";
		};
		0CEBD0282B025AE400A58E2E /* LaunchScreen.storyboard */ = {
			isa = PBXVariantGroup;
			children = (
				0CEBD0292B025AE400A58E2E /* Base */,
			);
			name = LaunchScreen.storyboard;
			sourceTree = "<group>";
		};
/* End PBXVariantGroup section */

/* Begin XCBuildConfiguration section */
		0CEBD02C2B025AE400A58E2E /* Debug */ = {
			isa = XCBuildConfiguration;
			buildSettings = {
				ALWAYS_SEARCH_USER_PATHS = NO;
				ASSETCATALOG_COMPILER_GENERATE_SWIFT_ASSET_SYMBOL_EXTENSIONS = YES;
				CLANG_ANALYZER_NONNULL = YES;
				CLANG_ANALYZER_NUMBER_OBJECT_CONVERSION = YES_AGGRESSIVE;
				CLANG_CXX_LANGUAGE_STANDARD = "gnu++20";
				CLANG_ENABLE_MODULES = YES;
				CLANG_ENABLE_OBJC_ARC = YES;
				CLANG_ENABLE_OBJC_WEAK = YES;
				CLANG_WARN_BLOCK_CAPTURE_AUTORELEASING = YES;
				CLANG_WARN_BOOL_CONVERSION = YES;
				CLANG_WARN_COMMA = YES;
				CLANG_WARN_CONSTANT_CONVERSION = YES;
				CLANG_WARN_DEPRECATED_OBJC_IMPLEMENTATIONS = YES;
				CLANG_WARN_DIRECT_OBJC_ISA_USAGE = YES_ERROR;
				CLANG_WARN_DOCUMENTATION_COMMENTS = YES;
				CLANG_WARN_EMPTY_BODY = YES;
				CLANG_WARN_ENUM_CONVERSION = YES;
				CLANG_WARN_INFINITE_RECURSION = YES;
				CLANG_WARN_INT_CONVERSION = YES;
				CLANG_WARN_NON_LITERAL_NULL_CONVERSION = YES;
				CLANG_WARN_OBJC_IMPLICIT_RETAIN_SELF = YES;
				CLANG_WARN_OBJC_LITERAL_CONVERSION = YES;
				CLANG_WARN_OBJC_ROOT_CLASS = YES_ERROR;
				CLANG_WARN_QUOTED_INCLUDE_IN_FRAMEWORK_HEADER = YES;
				CLANG_WARN_RANGE_LOOP_ANALYSIS = YES;
				CLANG_WARN_STRICT_PROTOTYPES = YES;
				CLANG_WARN_SUSPICIOUS_MOVE = YES;
				CLANG_WARN_UNGUARDED_AVAILABILITY = YES_AGGRESSIVE;
				CLANG_WARN_UNREACHABLE_CODE = YES;
				CLANG_WARN__DUPLICATE_METHOD_MATCH = YES;
				COPY_PHASE_STRIP = NO;
				DEBUG_INFORMATION_FORMAT = dwarf;
				ENABLE_STRICT_OBJC_MSGSEND = YES;
				ENABLE_TESTABILITY = YES;
				ENABLE_USER_SCRIPT_SANDBOXING = YES;
				GCC_C_LANGUAGE_STANDARD = gnu17;
				GCC_DYNAMIC_NO_PIC = NO;
				GCC_NO_COMMON_BLOCKS = YES;
				GCC_OPTIMIZATION_LEVEL = 0;
				GCC_PREPROCESSOR_DEFINITIONS = (
					"DEBUG=1",
					"$(inherited)",
				);
				GCC_WARN_64_TO_32_BIT_CONVERSION = YES;
				GCC_WARN_ABOUT_RETURN_TYPE = YES_ERROR;
				GCC_WARN_UNDECLARED_SELECTOR = YES;
				GCC_WARN_UNINITIALIZED_AUTOS = YES_AGGRESSIVE;
				GCC_WARN_UNUSED_FUNCTION = YES;
				GCC_WARN_UNUSED_VARIABLE = YES;
				IPHONEOS_DEPLOYMENT_TARGET = 17.0;
				LOCALIZATION_PREFERS_STRING_CATALOGS = YES;
				MTL_ENABLE_DEBUG_INFO = INCLUDE_SOURCE;
				MTL_FAST_MATH = YES;
				ONLY_ACTIVE_ARCH = YES;
				SDKROOT = iphoneos;
				SWIFT_ACTIVE_COMPILATION_CONDITIONS = "DEBUG $(inherited)";
				SWIFT_OPTIMIZATION_LEVEL = "-Onone";
			};
			name = Debug;
		};
		0CEBD02D2B025AE400A58E2E /* Release */ = {
			isa = XCBuildConfiguration;
			buildSettings = {
				ALWAYS_SEARCH_USER_PATHS = NO;
				ASSETCATALOG_COMPILER_GENERATE_SWIFT_ASSET_SYMBOL_EXTENSIONS = YES;
				CLANG_ANALYZER_NONNULL = YES;
				CLANG_ANALYZER_NUMBER_OBJECT_CONVERSION = YES_AGGRESSIVE;
				CLANG_CXX_LANGUAGE_STANDARD = "gnu++20";
				CLANG_ENABLE_MODULES = YES;
				CLANG_ENABLE_OBJC_ARC = YES;
				CLANG_ENABLE_OBJC_WEAK = YES;
				CLANG_WARN_BLOCK_CAPTURE_AUTORELEASING = YES;
				CLANG_WARN_BOOL_CONVERSION = YES;
				CLANG_WARN_COMMA = YES;
				CLANG_WARN_CONSTANT_CONVERSION = YES;
				CLANG_WARN_DEPRECATED_OBJC_IMPLEMENTATIONS = YES;
				CLANG_WARN_DIRECT_OBJC_ISA_USAGE = YES_ERROR;
				CLANG_WARN_DOCUMENTATION_COMMENTS = YES;
				CLANG_WARN_EMPTY_BODY = YES;
				CLANG_WARN_ENUM_CONVERSION = YES;
				CLANG_WARN_INFINITE_RECURSION = YES;
				CLANG_WARN_INT_CONVERSION = YES;
				CLANG_WARN_NON_LITERAL_NULL_CONVERSION = YES;
				CLANG_WARN_OBJC_IMPLICIT_RETAIN_SELF = YES;
				CLANG_WARN_OBJC_LITERAL_CONVERSION = YES;
				CLANG_WARN_OBJC_ROOT_CLASS = YES_ERROR;
				CLANG_WARN_QUOTED_INCLUDE_IN_FRAMEWORK_HEADER = YES;
				CLANG_WARN_RANGE_LOOP_ANALYSIS = YES;
				CLANG_WARN_STRICT_PROTOTYPES = YES;
				CLANG_WARN_SUSPICIOUS_MOVE = YES;
				CLANG_WARN_UNGUARDED_AVAILABILITY = YES_AGGRESSIVE;
				CLANG_WARN_UNREACHABLE_CODE = YES;
				CLANG_WARN__DUPLICATE_METHOD_MATCH = YES;
				COPY_PHASE_STRIP = NO;
				DEBUG_INFORMATION_FORMAT = "dwarf-with-dsym";
				ENABLE_NS_ASSERTIONS = NO;
				ENABLE_STRICT_OBJC_MSGSEND = YES;
				ENABLE_USER_SCRIPT_SANDBOXING = YES;
				GCC_C_LANGUAGE_STANDARD = gnu17;
				GCC_NO_COMMON_BLOCKS = YES;
				GCC_WARN_64_TO_32_BIT_CONVERSION = YES;
				GCC_WARN_ABOUT_RETURN_TYPE = YES_ERROR;
				GCC_WARN_UNDECLARED_SELECTOR = YES;
				GCC_WARN_UNINITIALIZED_AUTOS = YES_AGGRESSIVE;
				GCC_WARN_UNUSED_FUNCTION = YES;
				GCC_WARN_UNUSED_VARIABLE = YES;
				IPHONEOS_DEPLOYMENT_TARGET = 17.0;
				LOCALIZATION_PREFERS_STRING_CATALOGS = YES;
				MTL_ENABLE_DEBUG_INFO = NO;
				MTL_FAST_MATH = YES;
				SDKROOT = iphoneos;
				SWIFT_COMPILATION_MODE = wholemodule;
				VALIDATE_PRODUCT = YES;
			};
			name = Release;
		};
		0CEBD02F2B025AE400A58E2E /* Debug */ = {
			isa = XCBuildConfiguration;
			buildSettings = {
				ASSETCATALOG_COMPILER_APPICON_NAME = AppIcon;
				ASSETCATALOG_COMPILER_GLOBAL_ACCENT_COLOR_NAME = AccentColor;
				CODE_SIGN_STYLE = Automatic;
				CURRENT_PROJECT_VERSION = 1;
				DEVELOPMENT_TEAM = 6DF6S2YY5F;
				GENERATE_INFOPLIST_FILE = YES;
				INFOPLIST_FILE = Project4/Info.plist;
				INFOPLIST_KEY_UIApplicationSupportsIndirectInputEvents = YES;
				INFOPLIST_KEY_UILaunchStoryboardName = LaunchScreen;
				INFOPLIST_KEY_UIMainStoryboardFile = Main;
				INFOPLIST_KEY_UISupportedInterfaceOrientations_iPad = "UIInterfaceOrientationPortrait UIInterfaceOrientationPortraitUpsideDown UIInterfaceOrientationLandscapeLeft UIInterfaceOrientationLandscapeRight";
				INFOPLIST_KEY_UISupportedInterfaceOrientations_iPhone = "UIInterfaceOrientationPortrait UIInterfaceOrientationLandscapeLeft UIInterfaceOrientationLandscapeRight";
				IPHONEOS_DEPLOYMENT_TARGET = 15.6;
				LD_RUNPATH_SEARCH_PATHS = (
					"$(inherited)",
					"@executable_path/Frameworks",
				);
				MARKETING_VERSION = 1.0;
				PRODUCT_BUNDLE_IDENTIFIER = mus.proj1.Project4;
				PRODUCT_NAME = "$(TARGET_NAME)";
				SWIFT_EMIT_LOC_STRINGS = YES;
				SWIFT_VERSION = 5.0;
				TARGETED_DEVICE_FAMILY = "1,2";
			};
			name = Debug;
		};
		0CEBD0302B025AE400A58E2E /* Release */ = {
			isa = XCBuildConfiguration;
			buildSettings = {
				ASSETCATALOG_COMPILER_APPICON_NAME = AppIcon;
				ASSETCATALOG_COMPILER_GLOBAL_ACCENT_COLOR_NAME = AccentColor;
				CODE_SIGN_STYLE = Automatic;
				CURRENT_PROJECT_VERSION = 1;
				DEVELOPMENT_TEAM = 6DF6S2YY5F;
				GENERATE_INFOPLIST_FILE = YES;
				INFOPLIST_FILE = Project4/Info.plist;
				INFOPLIST_KEY_UIApplicationSupportsIndirectInputEvents = YES;
				INFOPLIST_KEY_UILaunchStoryboardName = LaunchScreen;
				INFOPLIST_KEY_UIMainStoryboardFile = Main;
				INFOPLIST_KEY_UISupportedInterfaceOrientations_iPad = "UIInterfaceOrientationPortrait UIInterfaceOrientationPortraitUpsideDown UIInterfaceOrientationLandscapeLeft UIInterfaceOrientationLandscapeRight";
				INFOPLIST_KEY_UISupportedInterfaceOrientations_iPhone = "UIInterfaceOrientationPortrait UIInterfaceOrientationLandscapeLeft UIInterfaceOrientationLandscapeRight";
				IPHONEOS_DEPLOYMENT_TARGET = 15.6;
				LD_RUNPATH_SEARCH_PATHS = (
					"$(inherited)",
					"@executable_path/Frameworks",
				);
				MARKETING_VERSION = 1.0;
				PRODUCT_BUNDLE_IDENTIFIER = mus.proj1.Project4;
				PRODUCT_NAME = "$(TARGET_NAME)";
				SWIFT_EMIT_LOC_STRINGS = YES;
				SWIFT_VERSION = 5.0;
				TARGETED_DEVICE_FAMILY = "1,2";
			};
			name = Release;
		};
/* End XCBuildConfiguration section */

/* Begin XCConfigurationList section */
		0CEBD0152B025AE300A58E2E /* Build configuration list for PBXProject "Project4" */ = {
			isa = XCConfigurationList;
			buildConfigurations = (
				0CEBD02C2B025AE400A58E2E /* Debug */,
				0CEBD02D2B025AE400A58E2E /* Release */,
			);
			defaultConfigurationIsVisible = 0;
			defaultConfigurationName = Release;
		};
		0CEBD02E2B025AE400A58E2E /* Build configuration list for PBXNativeTarget "Project4" */ = {
			isa = XCConfigurationList;
			buildConfigurations = (
				0CEBD02F2B025AE400A58E2E /* Debug */,
				0CEBD0302B025AE400A58E2E /* Release */,
			);
			defaultConfigurationIsVisible = 0;
			defaultConfigurationName = Release;
		};
/* End XCConfigurationList section */
	};
	rootObject = 0CEBD0122B025AE300A58E2E /* Project object */;
}
